
Microsoft Visual Studio Solution File, Format Version 12.00
# Visual Studio Version 16
VisualStudioVersion = 16.0.31624.102
MinimumVisualStudioVersion = 10.0.40219.1
Project("{FAE04EC0-301F-11D3-BF4B-00C04F79EFBC}") = "DiscordPresence", "DiscordPresence\DiscordPresence\DiscordPresence\DiscordPresence.csproj", "{C5166F6F-70B0-4E17-922B-29EC35E8BD74}"
EndProject
Global
	GlobalSection(SolutionConfigurationPlatforms) = preSolution
		Debug|Any CPU = Debug|Any CPU
		Release|Any CPU = Release|Any CPU
	EndGlobalSection
	GlobalSection(ProjectConfigurationPlatforms) = postSolution
		{C5166F6F-70B0-4E17-922B-29EC35E8BD74}.Debug|Any CPU.ActiveCfg = Debug|Any CPU
		{C5166F6F-70B0-4E17-922B-29EC35E8BD74}.Debug|Any CPU.Build.0 = Debug|Any CPU
		{C5166F6F-70B0-4E17-922B-29EC35E8BD74}.Release|Any CPU.ActiveCfg = Release|Any CPU
		{C5166F6F-70B0-4E17-922B-29EC35E8BD74}.Release|Any CPU.Build.0 = Release|Any CPU
	EndGlobalSection
	GlobalSection(SolutionProperties) = preSolution
		HideSolutionNode = FALSE
	EndGlobalSection
	GlobalSection(ExtensibilityGlobals) = postSolution
		SolutionGuid = {FA559B29-2EED-4580-8EE7-FCD83EFFFCCB}
	EndGlobalSection
EndGlobal
